{
	"name": "fit-block-core",
	"version": "1.0.0",
	"lockfileVersion": 1,
	"requires": true,
	"dependencies": {
		"ecdsa-secp256k1": {
			"version": "1.0.6",
			"resolved": "https://registry.npm.taobao.org/ecdsa-secp256k1/download/ecdsa-secp256k1-1.0.6.tgz",
			"integrity": "sha1-1tM8aVwOOw4lKEHx7EC1jEfY4ZY="
		},
		"typescript": {
			"version": "3.7.4",
			"resolved": "https://registry.npm.taobao.org/typescript/download/typescript-3.7.4.tgz",
			"integrity": "sha1-F0Ol7F/vah+p8+RwjjPIHHOHbBk=",
			"dev": true
		}
	}
}
