{
  "name": "fit-block-core",
  "version": "1.0.0",
  "lockfileVersion": 1,
  "requires": true,
  "dependencies": {
    "bitcoin-key-generator": {
      "version": "1.0.4",
      "resolved": "https://registry.npm.taobao.org/bitcoin-key-generator/download/bitcoin-key-generator-1.0.4.tgz?cache=0&sync_timestamp=1575340393133&other_urls=https%3A%2F%2Fregistry.npm.taobao.org%2Fbitcoin-key-generator%2Fdownload%2Fbitcoin-key-generator-1.0.4.tgz",
      "integrity": "sha1-VPD6iteMaAb4s0SgBAr/Ciqqvfk="
    },
    "ecdsa-secp256k1": {
      "version": "1.0.5",
      "resolved": "https://registry.npm.taobao.org/ecdsa-secp256k1/download/ecdsa-secp256k1-1.0.5.tgz",
      "integrity": "sha1-lm+O4+j3kKK25Xm/pAsB1dnNybk="
    },
    "typescript": {
      "version": "3.7.2",
      "resolved": "https://registry.npm.taobao.org/typescript/download/typescript-3.7.2.tgz?cache=0&sync_timestamp=1574925340231&other_urls=https%3A%2F%2Fregistry.npm.taobao.org%2Ftypescript%2Fdownload%2Ftypescript-3.7.2.tgz",
      "integrity": "sha1-J+SJuV+lkJRF6f717kjYFpetGPs=",
      "dev": true
    }
  }
}
