{
	"name": "fit-block-core",
	"version": "1.0.0",
	"lockfileVersion": 1,
	"requires": true,
	"dependencies": {
		"@types/node": {
			"version": "12.12.22",
			"resolved": "https://registry.npm.taobao.org/@types/node/download/@types/node-12.12.22.tgz",
			"integrity": "sha1-uNnq4zKLlpEKNzzwasjTxavpwgA=",
			"dev": true
		},
		"ecdsa-secp256k1": {
			"version": "1.0.5",
			"resolved": "https://registry.npm.taobao.org/ecdsa-secp256k1/download/ecdsa-secp256k1-1.0.5.tgz",
			"integrity": "sha1-lm+O4+j3kKK25Xm/pAsB1dnNybk="
		},
		"typescript": {
			"version": "3.7.4",
			"resolved": "https://registry.npm.taobao.org/typescript/download/typescript-3.7.4.tgz",
			"integrity": "sha1-F0Ol7F/vah+p8+RwjjPIHHOHbBk=",
			"dev": true
		}
	}
}
